
Microsoft Visual Studio Solution File, Format Version 12.00
Project("{FAE04EC0-301F-11D3-BF4B-00C04F79EFBC}") = "MakeIndex", "MakeIndex.csproj", "{F9F3B924-B274-4F47-8565-1092CA69619D}"
EndProject
Global
	GlobalSection(SolutionConfigurationPlatforms) = preSolution
		Debug|Any CPU = Debug|Any CPU
		Release|Any CPU = Release|Any CPU
	EndGlobalSection
	GlobalSection(ProjectConfigurationPlatforms) = postSolution
		{F9F3B924-B274-4F47-8565-1092CA69619D}.Debug|Any CPU.ActiveCfg = Debug|Any CPU
		{F9F3B924-B274-4F47-8565-1092CA69619D}.Debug|Any CPU.Build.0 = Debug|Any CPU
		{F9F3B924-B274-4F47-8565-1092CA69619D}.Release|Any CPU.ActiveCfg = Release|Any CPU
		{F9F3B924-B274-4F47-8565-1092CA69619D}.Release|Any CPU.Build.0 = Release|Any CPU
	EndGlobalSection
EndGlobal
